PODS:
  - CocoaLumberjack (2.3.0):
    - CocoaLumberjack/Default (= 2.3.0)
    - CocoaLumberjack/Extensions (= 2.3.0)
  - CocoaLumberjack/Core (2.3.0)
  - CocoaLumberjack/Default (2.3.0):
    - CocoaLumberjack/Core
  - CocoaLumberjack/Extensions (2.3.0):
    - CocoaLumberjack/Default
  - MQTTClient (0.8.1):
    - MQTTClient/Core (= 0.8.1)
  - MQTTClient/Core (0.8.1):
    - MQTTClient/Manager
    - MQTTClient/Min
  - MQTTClient/Manager (0.8.1):
    - MQTTClient/Min
  - MQTTClient/Min (0.8.1):
    - CocoaLumberjack

DEPENDENCIES:
  - MQTTClient

SPEC REPOS:
  https://github.com/cocoapods/specs.git:
    - CocoaLumberjack
    - MQTTClient

SPEC CHECKSUMS:
  CocoaLumberjack: 97fab7ee5f507fe54445cca7ea80f926729cfd15
  MQTTClient: 097b1e62c319f7c90b489fa540038064afc95f42

PODFILE CHECKSUM: 229e2131a196427c6f13c613edf410c7cb7f795d

COCOAPODS: 1.7.0.rc.1
